
Microsoft Visual Studio Solution File, Format Version 12.00
# Visual Studio 15
VisualStudioVersion = 15.0.27703.2035
MinimumVisualStudioVersion = 10.0.40219.1
Project("{FAE04EC0-301F-11D3-BF4B-00C04F79EFBC}") = "EmployeesDatabase", "EmployeesDatabase\EmployeesDatabase.csproj", "{8B2017DA-65BC-4055-A904-3C8B2CC5B8ED}"
EndProject
Project("{FAE04EC0-301F-11D3-BF4B-00C04F79EFBC}") = "EmployeesDatabase.Models", "EmployeesDatabase.Models\EmployeesDatabase.Models.csproj", "{CB32B4E6-19A0-4B73-B775-B8D4D4DD177F}"
EndProject
Project("{FAE04EC0-301F-11D3-BF4B-00C04F79EFBC}") = "EmployeesDatabase.Data", "EmployeesDatabase.Data\EmployeesDatabase.Data.csproj", "{1B91C920-DF2E-4966-AD53-4CEE87AD50EA}"
EndProject
Project("{FAE04EC0-301F-11D3-BF4B-00C04F79EFBC}") = "EmployeesDatabase.Services", "EmployeesDatabase.Services\EmployeesDatabase.Services.csproj", "{97DA70A6-AE49-48E6-8BAB-739DCF5BC374}"
EndProject
Global
	GlobalSection(SolutionConfigurationPlatforms) = preSolution
		Debug|Any CPU = Debug|Any CPU
		Release|Any CPU = Release|Any CPU
	EndGlobalSection
	GlobalSection(ProjectConfigurationPlatforms) = postSolution
		{8B2017DA-65BC-4055-A904-3C8B2CC5B8ED}.Debug|Any CPU.ActiveCfg = Debug|Any CPU
		{8B2017DA-65BC-4055-A904-3C8B2CC5B8ED}.Debug|Any CPU.Build.0 = Debug|Any CPU
		{8B2017DA-65BC-4055-A904-3C8B2CC5B8ED}.Release|Any CPU.ActiveCfg = Release|Any CPU
		{8B2017DA-65BC-4055-A904-3C8B2CC5B8ED}.Release|Any CPU.Build.0 = Release|Any CPU
		{CB32B4E6-19A0-4B73-B775-B8D4D4DD177F}.Debug|Any CPU.ActiveCfg = Debug|Any CPU
		{CB32B4E6-19A0-4B73-B775-B8D4D4DD177F}.Debug|Any CPU.Build.0 = Debug|Any CPU
		{CB32B4E6-19A0-4B73-B775-B8D4D4DD177F}.Release|Any CPU.ActiveCfg = Release|Any CPU
		{CB32B4E6-19A0-4B73-B775-B8D4D4DD177F}.Release|Any CPU.Build.0 = Release|Any CPU
		{1B91C920-DF2E-4966-AD53-4CEE87AD50EA}.Debug|Any CPU.ActiveCfg = Debug|Any CPU
		{1B91C920-DF2E-4966-AD53-4CEE87AD50EA}.Debug|Any CPU.Build.0 = Debug|Any CPU
		{1B91C920-DF2E-4966-AD53-4CEE87AD50EA}.Release|Any CPU.ActiveCfg = Release|Any CPU
		{1B91C920-DF2E-4966-AD53-4CEE87AD50EA}.Release|Any CPU.Build.0 = Release|Any CPU
		{97DA70A6-AE49-48E6-8BAB-739DCF5BC374}.Debug|Any CPU.ActiveCfg = Debug|Any CPU
		{97DA70A6-AE49-48E6-8BAB-739DCF5BC374}.Debug|Any CPU.Build.0 = Debug|Any CPU
		{97DA70A6-AE49-48E6-8BAB-739DCF5BC374}.Release|Any CPU.ActiveCfg = Release|Any CPU
		{97DA70A6-AE49-48E6-8BAB-739DCF5BC374}.Release|Any CPU.Build.0 = Release|Any CPU
	EndGlobalSection
	GlobalSection(SolutionProperties) = preSolution
		HideSolutionNode = FALSE
	EndGlobalSection
	GlobalSection(ExtensibilityGlobals) = postSolution
		SolutionGuid = {AD15CEEB-2FEC-414F-B5FC-104E516996FB}
	EndGlobalSection
EndGlobal
